// !$*UTF8*$!
{
	archiveVersion = 1;
	classes = {
	};
	objectVersion = 55;
	objects = {

/* Begin PBXBuildFile section */
		CEC7CBBD275E71280014E161 /* AppDelegate.swift in Sources */ = {isa = PBXBuildFile; fileRef = CEC7CBBC275E71280014E161 /* AppDelegate.swift */; };
		CEC7CBBF275E71280014E161 /* SceneDelegate.swift in Sources */ = {isa = PBXBuildFile; fileRef = CEC7CBBE275E71280014E161 /* SceneDelegate.swift */; };
		CEC7CBC4275E71280014E161 /* Main.storyboard in Resources */ = {isa = PBXBuildFile; fileRef = CEC7CBC2275E71280014E161 /* Main.storyboard */; };
		CEC7CBC6275E71290014E161 /* Assets.xcassets in Resources */ = {isa = PBXBuildFile; fileRef = CEC7CBC5275E71290014E161 /* Assets.xcassets */; };
		CEC7CBC9275E71290014E161 /* LaunchScreen.storyboard in Resources */ = {isa = PBXBuildFile; fileRef = CEC7CBC7275E71290014E161 /* LaunchScreen.storyboard */; };
		CEC7CBD1275E71560014E161 /* Gallery.swift in Sources */ = {isa = PBXBuildFile; fileRef = CEC7CBD0275E71560014E161 /* Gallery.swift */; };
		CEC7CBD3275E71630014E161 /* GalleryPhoto.swift in Sources */ = {isa = PBXBuildFile; fileRef = CEC7CBD2275E71630014E161 /* GalleryPhoto.swift */; };
		CEC7CBD5275E71730014E161 /* GallerySearchResults.swift in Sources */ = {isa = PBXBuildFile; fileRef = CEC7CBD4275E71730014E161 /* GallerySearchResults.swift */; };
		CEC7CBD7275EB0340014E161 /* GalleryPhotosViewController.swift in Sources */ = {isa = PBXBuildFile; fileRef = CEC7CBD6275EB0340014E161 /* GalleryPhotosViewController.swift */; };
/* End PBXBuildFile section */

/* Begin PBXFileReference section */
		CEC7CBB9275E71280014E161 /* GallerySearch.app */ = {isa = PBXFileReference; explicitFileType = wrapper.application; includeInIndex = 0; path = GallerySearch.app; sourceTree = BUILT_PRODUCTS_DIR; };
		CEC7CBBC275E71280014E161 /* AppDelegate.swift */ = {isa = PBXFileReference; lastKnownFileType = sourcecode.swift; path = AppDelegate.swift; sourceTree = "<group>"; };
		CEC7CBBE275E71280014E161 /* SceneDelegate.swift */ = {isa = PBXFileReference; lastKnownFileType = sourcecode.swift; path = SceneDelegate.swift; sourceTree = "<group>"; };
		CEC7CBC3275E71280014E161 /* Base */ = {isa = PBXFileReference; lastKnownFileType = file.storyboard; name = Base; path = Base.lproj/Main.storyboard; sourceTree = "<group>"; };
		CEC7CBC5275E71290014E161 /* Assets.xcassets */ = {isa = PBXFileReference; lastKnownFileType = folder.assetcatalog; path = Assets.xcassets; sourceTree = "<group>"; };
		CEC7CBC8275E71290014E161 /* Base */ = {isa = PBXFileReference; lastKnownFileType = file.storyboard; name = Base; path = Base.lproj/LaunchScreen.storyboard; sourceTree = "<group>"; };
		CEC7CBCA275E71290014E161 /* Info.plist */ = {isa = PBXFileReference; lastKnownFileType = text.plist.xml; path = Info.plist; sourceTree = "<group>"; };
		CEC7CBD0275E71560014E161 /* Gallery.swift */ = {isa = PBXFileReference; lastKnownFileType = sourcecode.swift; path = Gallery.swift; sourceTree = "<group>"; };
		CEC7CBD2275E71630014E161 /* GalleryPhoto.swift */ = {isa = PBXFileReference; lastKnownFileType = sourcecode.swift; path = GalleryPhoto.swift; sourceTree = "<group>"; };
		CEC7CBD4275E71730014E161 /* GallerySearchResults.swift */ = {isa = PBXFileReference; lastKnownFileType = sourcecode.swift; path = GallerySearchResults.swift; sourceTree = "<group>"; };
		CEC7CBD6275EB0340014E161 /* GalleryPhotosViewController.swift */ = {isa = PBXFileReference; lastKnownFileType = sourcecode.swift; path = GalleryPhotosViewController.swift; sourceTree = "<group>"; };
/* End PBXFileReference section */

/* Begin PBXFrameworksBuildPhase section */
		CEC7CBB6275E71280014E161 /* Frameworks */ = {
			isa = PBXFrameworksBuildPhase;
			buildActionMask = 2147483647;
			files = (
			);
			runOnlyForDeploymentPostprocessing = 0;
		};
/* End PBXFrameworksBuildPhase section */

/* Begin PBXGroup section */
		CEC7CBB0275E71280014E161 = {
			isa = PBXGroup;
			children = (
				CEC7CBBB275E71280014E161 /* GallerySearch */,
				CEC7CBBA275E71280014E161 /* Products */,
			);
			sourceTree = "<group>";
		};
		CEC7CBBA275E71280014E161 /* Products */ = {
			isa = PBXGroup;
			children = (
				CEC7CBB9275E71280014E161 /* GallerySearch.app */,
			);
			name = Products;
			sourceTree = "<group>";
		};
		CEC7CBBB275E71280014E161 /* GallerySearch */ = {
			isa = PBXGroup;
			children = (
				CEC7CBBC275E71280014E161 /* AppDelegate.swift */,
				CEC7CBBE275E71280014E161 /* SceneDelegate.swift */,
				CEC7CBC2275E71280014E161 /* Main.storyboard */,
				CEC7CBD6275EB0340014E161 /* GalleryPhotosViewController.swift */,
				CEC7CBC5275E71290014E161 /* Assets.xcassets */,
				CEC7CBC7275E71290014E161 /* LaunchScreen.storyboard */,
				CEC7CBCA275E71290014E161 /* Info.plist */,
				CEC7CBD0275E71560014E161 /* Gallery.swift */,
				CEC7CBD2275E71630014E161 /* GalleryPhoto.swift */,
				CEC7CBD4275E71730014E161 /* GallerySearchResults.swift */,
			);
			path = GallerySearch;
			sourceTree = "<group>";
		};
/* End PBXGroup section */

/* Begin PBXNativeTarget section */
		CEC7CBB8275E71280014E161 /* GallerySearch */ = {
			isa = PBXNativeTarget;
			buildConfigurationList = CEC7CBCD275E71290014E161 /* Build configuration list for PBXNativeTarget "GallerySearch" */;
			buildPhases = (
				CEC7CBB5275E71280014E161 /* Sources */,
				CEC7CBB6275E71280014E161 /* Frameworks */,
				CEC7CBB7275E71280014E161 /* Resources */,
			);
			buildRules = (
			);
			dependencies = (
			);
			name = GallerySearch;
			productName = GallerySearch;
			productReference = CEC7CBB9275E71280014E161 /* GallerySearch.app */;
			productType = "com.apple.product-type.application";
		};
/* End PBXNativeTarget section */

/* Begin PBXProject section */
		CEC7CBB1275E71280014E161 /* Project object */ = {
			isa = PBXProject;
			attributes = {
				BuildIndependentTargetsInParallel = 1;
				LastSwiftUpdateCheck = 1300;
				LastUpgradeCheck = 1300;
				TargetAttributes = {
					CEC7CBB8275E71280014E161 = {
						CreatedOnToolsVersion = 13.0;
					};
				};
			};
			buildConfigurationList = CEC7CBB4275E71280014E161 /* Build configuration list for PBXProject "GallerySearch" */;
			compatibilityVersion = "Xcode 13.0";
			developmentRegion = en;
			hasScannedForEncodings = 0;
			knownRegions = (
				en,
				Base,
			);
			mainGroup = CEC7CBB0275E71280014E161;
			productRefGroup = CEC7CBBA275E71280014E161 /* Products */;
			projectDirPath = "";
			projectRoot = "";
			targets = (
				CEC7CBB8275E71280014E161 /* GallerySearch */,
			);
		};
/* End PBXProject section */

/* Begin PBXResourcesBuildPhase section */
		CEC7CBB7275E71280014E161 /* Resources */ = {
			isa = PBXResourcesBuildPhase;
			buildActionMask = 2147483647;
			files = (
				CEC7CBC9275E71290014E161 /* LaunchScreen.storyboard in Resources */,
				CEC7CBC6275E71290014E161 /* Assets.xcassets in Resources */,
				CEC7CBC4275E71280014E161 /* Main.storyboard in Resources */,
			);
			runOnlyForDeploymentPostprocessing = 0;
		};
/* End PBXResourcesBuildPhase section */

/* Begin PBXSourcesBuildPhase section */
		CEC7CBB5275E71280014E161 /* Sources */ = {
			isa = PBXSourcesBuildPhase;
			buildActionMask = 2147483647;
			files = (
				CEC7CBD1275E71560014E161 /* Gallery.swift in Sources */,
				CEC7CBD7275EB0340014E161 /* GalleryPhotosViewController.swift in Sources */,
				CEC7CBBD275E71280014E161 /* AppDelegate.swift in Sources */,
				CEC7CBBF275E71280014E161 /* SceneDelegate.swift in Sources */,
				CEC7CBD3275E71630014E161 /* GalleryPhoto.swift in Sources */,
				CEC7CBD5275E71730014E161 /* GallerySearchResults.swift in Sources */,
			);
			runOnlyForDeploymentPostprocessing = 0;
		};
/* End PBXSourcesBuildPhase section */

/* Begin PBXVariantGroup section */
		CEC7CBC2275E71280014E161 /* Main.storyboard */ = {
			isa = PBXVariantGroup;
			children = (
				CEC7CBC3275E71280014E161 /* Base */,
			);
			name = Main.storyboard;
			sourceTree = "<group>";
		};
		CEC7CBC7275E71290014E161 /* LaunchScreen.storyboard */ = {
			isa = PBXVariantGroup;
			children = (
				CEC7CBC8275E71290014E161 /* Base */,
			);
			name = LaunchScreen.storyboard;
			sourceTree = "<group>";
		};
/* End PBXVariantGroup section */

/* Begin XCBuildConfiguration section */
		CEC7CBCB275E71290014E161 /* Debug */ = {
			isa = XCBuildConfiguration;
			buildSettings = {
				ALWAYS_SEARCH_USER_PATHS = NO;
				CLANG_ANALYZER_NONNULL = YES;
				CLANG_ANALYZER_NUMBER_OBJECT_CONVERSION = YES_AGGRESSIVE;
				CLANG_CXX_LANGUAGE_STANDARD = "gnu++17";
				CLANG_CXX_LIBRARY = "libc++";
				CLANG_ENABLE_MODULES = YES;
				CLANG_ENABLE_OBJC_ARC = YES;
				CLANG_ENABLE_OBJC_WEAK = YES;
				CLANG_WARN_BLOCK_CAPTURE_AUTORELEASING = YES;
				CLANG_WARN_BOOL_CONVERSION = YES;
				CLANG_WARN_COMMA = YES;
				CLANG_WARN_CONSTANT_CONVERSION = YES;
				CLANG_WARN_DEPRECATED_OBJC_IMPLEMENTATIONS = YES;
				CLANG_WARN_DIRECT_OBJC_ISA_USAGE = YES_ERROR;
				CLANG_WARN_DOCUMENTATION_COMMENTS = YES;
				CLANG_WARN_EMPTY_BODY = YES;
				CLANG_WARN_ENUM_CONVERSION = YES;
				CLANG_WARN_INFINITE_RECURSION = YES;
				CLANG_WARN_INT_CONVERSION = YES;
				CLANG_WARN_NON_LITERAL_NULL_CONVERSION = YES;
				CLANG_WARN_OBJC_IMPLICIT_RETAIN_SELF = YES;
				CLANG_WARN_OBJC_LITERAL_CONVERSION = YES;
				CLANG_WARN_OBJC_ROOT_CLASS = YES_ERROR;
				CLANG_WARN_QUOTED_INCLUDE_IN_FRAMEWORK_HEADER = YES;
				CLANG_WARN_RANGE_LOOP_ANALYSIS = YES;
				CLANG_WARN_STRICT_PROTOTYPES = YES;
				CLANG_WARN_SUSPICIOUS_MOVE = YES;
				CLANG_WARN_UNGUARDED_AVAILABILITY = YES_AGGRESSIVE;
				CLANG_WARN_UNREACHABLE_CODE = YES;
				CLANG_WARN__DUPLICATE_METHOD_MATCH = YES;
				COPY_PHASE_STRIP = NO;
				DEBUG_INFORMATION_FORMAT = dwarf;
				ENABLE_STRICT_OBJC_MSGSEND = YES;
				ENABLE_TESTABILITY = YES;
				GCC_C_LANGUAGE_STANDARD = gnu11;
				GCC_DYNAMIC_NO_PIC = NO;
				GCC_NO_COMMON_BLOCKS = YES;
				GCC_OPTIMIZATION_LEVEL = 0;
				GCC_PREPROCESSOR_DEFINITIONS = (
					"DEBUG=1",
					"$(inherited)",
				);
				GCC_WARN_64_TO_32_BIT_CONVERSION = YES;
				GCC_WARN_ABOUT_RETURN_TYPE = YES_ERROR;
				GCC_WARN_UNDECLARED_SELECTOR = YES;
				GCC_WARN_UNINITIALIZED_AUTOS = YES_AGGRESSIVE;
				GCC_WARN_UNUSED_FUNCTION = YES;
				GCC_WARN_UNUSED_VARIABLE = YES;
				IPHONEOS_DEPLOYMENT_TARGET = 15.0;
				MTL_ENABLE_DEBUG_INFO = INCLUDE_SOURCE;
				MTL_FAST_MATH = YES;
				ONLY_ACTIVE_ARCH = YES;
				SDKROOT = iphoneos;
				SWIFT_ACTIVE_COMPILATION_CONDITIONS = DEBUG;
				SWIFT_OPTIMIZATION_LEVEL = "-Onone";
			};
			name = Debug;
		};
		CEC7CBCC275E71290014E161 /* Release */ = {
			isa = XCBuildConfiguration;
			buildSettings = {
				ALWAYS_SEARCH_USER_PATHS = NO;
				CLANG_ANALYZER_NONNULL = YES;
				CLANG_ANALYZER_NUMBER_OBJECT_CONVERSION = YES_AGGRESSIVE;
				CLANG_CXX_LANGUAGE_STANDARD = "gnu++17";
				CLANG_CXX_LIBRARY = "libc++";
				CLANG_ENABLE_MODULES = YES;
				CLANG_ENABLE_OBJC_ARC = YES;
				CLANG_ENABLE_OBJC_WEAK = YES;
				CLANG_WARN_BLOCK_CAPTURE_AUTORELEASING = YES;
				CLANG_WARN_BOOL_CONVERSION = YES;
				CLANG_WARN_COMMA = YES;
				CLANG_WARN_CONSTANT_CONVERSION = YES;
				CLANG_WARN_DEPRECATED_OBJC_IMPLEMENTATIONS = YES;
				CLANG_WARN_DIRECT_OBJC_ISA_USAGE = YES_ERROR;
				CLANG_WARN_DOCUMENTATION_COMMENTS = YES;
				CLANG_WARN_EMPTY_BODY = YES;
				CLANG_WARN_ENUM_CONVERSION = YES;
				CLANG_WARN_INFINITE_RECURSION = YES;
				CLANG_WARN_INT_CONVERSION = YES;
				CLANG_WARN_NON_LITERAL_NULL_CONVERSION = YES;
				CLANG_WARN_OBJC_IMPLICIT_RETAIN_SELF = YES;
				CLANG_WARN_OBJC_LITERAL_CONVERSION = YES;
				CLANG_WARN_OBJC_ROOT_CLASS = YES_ERROR;
				CLANG_WARN_QUOTED_INCLUDE_IN_FRAMEWORK_HEADER = YES;
				CLANG_WARN_RANGE_LOOP_ANALYSIS = YES;
				CLANG_WARN_STRICT_PROTOTYPES = YES;
				CLANG_WARN_SUSPICIOUS_MOVE = YES;
				CLANG_WARN_UNGUARDED_AVAILABILITY = YES_AGGRESSIVE;
				CLANG_WARN_UNREACHABLE_CODE = YES;
				CLANG_WARN__DUPLICATE_METHOD_MATCH = YES;
				COPY_PHASE_STRIP = NO;
				DEBUG_INFORMATION_FORMAT = "dwarf-with-dsym";
				ENABLE_NS_ASSERTIONS = NO;
				ENABLE_STRICT_OBJC_MSGSEND = YES;
				GCC_C_LANGUAGE_STANDARD = gnu11;
				GCC_NO_COMMON_BLOCKS = YES;
				GCC_WARN_64_TO_32_BIT_CONVERSION = YES;
				GCC_WARN_ABOUT_RETURN_TYPE = YES_ERROR;
				GCC_WARN_UNDECLARED_SELECTOR = YES;
				GCC_WARN_UNINITIALIZED_AUTOS = YES_AGGRESSIVE;
				GCC_WARN_UNUSED_FUNCTION = YES;
				GCC_WARN_UNUSED_VARIABLE = YES;
				IPHONEOS_DEPLOYMENT_TARGET = 15.0;
				MTL_ENABLE_DEBUG_INFO = NO;
				MTL_FAST_MATH = YES;
				SDKROOT = iphoneos;
				SWIFT_COMPILATION_MODE = wholemodule;
				SWIFT_OPTIMIZATION_LEVEL = "-O";
				VALIDATE_PRODUCT = YES;
			};
			name = Release;
		};
		CEC7CBCE275E71290014E161 /* Debug */ = {
			isa = XCBuildConfiguration;
			buildSettings = {
				ASSETCATALOG_COMPILER_APPICON_NAME = AppIcon;
				ASSETCATALOG_COMPILER_GLOBAL_ACCENT_COLOR_NAME = AccentColor;
				CODE_SIGN_STYLE = Automatic;
				CURRENT_PROJECT_VERSION = 1;
				GENERATE_INFOPLIST_FILE = YES;
				INFOPLIST_FILE = GallerySearch/Info.plist;
				INFOPLIST_KEY_UIApplicationSupportsIndirectInputEvents = YES;
				INFOPLIST_KEY_UILaunchStoryboardName = LaunchScreen;
				INFOPLIST_KEY_UIMainStoryboardFile = Main;
				INFOPLIST_KEY_UISupportedInterfaceOrientations_iPad = "UIInterfaceOrientationPortrait UIInterfaceOrientationPortraitUpsideDown UIInterfaceOrientationLandscapeLeft UIInterfaceOrientationLandscapeRight";
				INFOPLIST_KEY_UISupportedInterfaceOrientations_iPhone = "UIInterfaceOrientationPortrait UIInterfaceOrientationLandscapeLeft UIInterfaceOrientationLandscapeRight";
				LD_RUNPATH_SEARCH_PATHS = (
					"$(inherited)",
					"@executable_path/Frameworks",
				);
				MARKETING_VERSION = 1.0;
				PRODUCT_BUNDLE_IDENTIFIER = pedro.GallerySearch;
				PRODUCT_NAME = "$(TARGET_NAME)";
				SWIFT_EMIT_LOC_STRINGS = YES;
				SWIFT_VERSION = 5.0;
				TARGETED_DEVICE_FAMILY = "1,2";
			};
			name = Debug;
		};
		CEC7CBCF275E71290014E161 /* Release */ = {
			isa = XCBuildConfiguration;
			buildSettings = {
				ASSETCATALOG_COMPILER_APPICON_NAME = AppIcon;
				ASSETCATALOG_COMPILER_GLOBAL_ACCENT_COLOR_NAME = AccentColor;
				CODE_SIGN_STYLE = Automatic;
				CURRENT_PROJECT_VERSION = 1;
				GENERATE_INFOPLIST_FILE = YES;
				INFOPLIST_FILE = GallerySearch/Info.plist;
				INFOPLIST_KEY_UIApplicationSupportsIndirectInputEvents = YES;
				INFOPLIST_KEY_UILaunchStoryboardName = LaunchScreen;
				INFOPLIST_KEY_UIMainStoryboardFile = Main;
				INFOPLIST_KEY_UISupportedInterfaceOrientations_iPad = "UIInterfaceOrientationPortrait UIInterfaceOrientationPortraitUpsideDown UIInterfaceOrientationLandscapeLeft UIInterfaceOrientationLandscapeRight";
				INFOPLIST_KEY_UISupportedInterfaceOrientations_iPhone = "UIInterfaceOrientationPortrait UIInterfaceOrientationLandscapeLeft UIInterfaceOrientationLandscapeRight";
				LD_RUNPATH_SEARCH_PATHS = (
					"$(inherited)",
					"@executable_path/Frameworks",
				);
				MARKETING_VERSION = 1.0;
				PRODUCT_BUNDLE_IDENTIFIER = pedro.GallerySearch;
				PRODUCT_NAME = "$(TARGET_NAME)";
				SWIFT_EMIT_LOC_STRINGS = YES;
				SWIFT_VERSION = 5.0;
				TARGETED_DEVICE_FAMILY = "1,2";
			};
			name = Release;
		};
/* End XCBuildConfiguration section */

/* Begin XCConfigurationList section */
		CEC7CBB4275E71280014E161 /* Build configuration list for PBXProject "GallerySearch" */ = {
			isa = XCConfigurationList;
			buildConfigurations = (
				CEC7CBCB275E71290014E161 /* Debug */,
				CEC7CBCC275E71290014E161 /* Release */,
			);
			defaultConfigurationIsVisible = 0;
			defaultConfigurationName = Release;
		};
		CEC7CBCD275E71290014E161 /* Build configuration list for PBXNativeTarget "GallerySearch" */ = {
			isa = XCConfigurationList;
			buildConfigurations = (
				CEC7CBCE275E71290014E161 /* Debug */,
				CEC7CBCF275E71290014E161 /* Release */,
			);
			defaultConfigurationIsVisible = 0;
			defaultConfigurationName = Release;
		};
/* End XCConfigurationList section */
	};
	rootObject = CEC7CBB1275E71280014E161 /* Project object */;
}
